// !$*UTF8*$!
{
	archiveVersion = 1;
	classes = {
	};
	objectVersion = 56;
	objects = {

/* Begin PBXBuildFile section */
		150C4E7E291EB48300A797AE /* NewsService.swift in Sources */ = {isa = PBXBuildFile; fileRef = 150C4E7D291EB48300A797AE /* NewsService.swift */; };
		150C4E81291EB51100A797AE /* InfoPlistWrapper.swift in Sources */ = {isa = PBXBuildFile; fileRef = 150C4E80291EB51100A797AE /* InfoPlistWrapper.swift */; };
		150C4E83291EB70A00A797AE /* GoogleService-Info.plist in Resources */ = {isa = PBXBuildFile; fileRef = 150C4E82291EB70A00A797AE /* GoogleService-Info.plist */; };
		150C4E85291EBA5E00A797AE /* NewsPiece.swift in Sources */ = {isa = PBXBuildFile; fileRef = 150C4E84291EBA5E00A797AE /* NewsPiece.swift */; };
		150C4E87291EBCAE00A797AE /* NetworkService.swift in Sources */ = {isa = PBXBuildFile; fileRef = 150C4E86291EBCAE00A797AE /* NetworkService.swift */; };
		150C4E89291EC59600A797AE /* FirebaseService.swift in Sources */ = {isa = PBXBuildFile; fileRef = 150C4E88291EC59600A797AE /* FirebaseService.swift */; };
		1553DC98291ED29600449E2B /* Main.swift in Sources */ = {isa = PBXBuildFile; fileRef = 1553DC97291ED29600449E2B /* Main.swift */; };
		15A79B7F291ED5DA00F0F08A /* FirebaseAnalytics in Frameworks */ = {isa = PBXBuildFile; productRef = 15A79B7E291ED5DA00F0F08A /* FirebaseAnalytics */; };
		15A79B81291ED5DA00F0F08A /* FirebaseAnalyticsSwift in Frameworks */ = {isa = PBXBuildFile; productRef = 15A79B80291ED5DA00F0F08A /* FirebaseAnalyticsSwift */; };
		15A79B83291ED5DA00F0F08A /* FirebaseAuth in Frameworks */ = {isa = PBXBuildFile; productRef = 15A79B82291ED5DA00F0F08A /* FirebaseAuth */; };
		15A79B85291ED5DA00F0F08A /* FirebaseDatabase in Frameworks */ = {isa = PBXBuildFile; productRef = 15A79B84291ED5DA00F0F08A /* FirebaseDatabase */; };
		15A79B87291ED5DA00F0F08A /* FirebaseDatabaseSwift in Frameworks */ = {isa = PBXBuildFile; productRef = 15A79B86291ED5DA00F0F08A /* FirebaseDatabaseSwift */; };
		15A79B89291ED5DA00F0F08A /* FirebaseFirestoreSwift in Frameworks */ = {isa = PBXBuildFile; productRef = 15A79B88291ED5DA00F0F08A /* FirebaseFirestoreSwift */; };
		15A79B8B291ED5DA00F0F08A /* FirebaseStorage in Frameworks */ = {isa = PBXBuildFile; productRef = 15A79B8A291ED5DA00F0F08A /* FirebaseStorage */; };
		15A79B8D291ED83D00F0F08A /* CSVDecoder.swift in Sources */ = {isa = PBXBuildFile; fileRef = 15A79B8C291ED83D00F0F08A /* CSVDecoder.swift */; };
		15A79B90291ED9A700F0F08A /* SwiftCSV in Frameworks */ = {isa = PBXBuildFile; productRef = 15A79B8F291ED9A700F0F08A /* SwiftCSV */; };
		15A79B92291EE0B200F0F08A /* ChartDataManager.swift in Sources */ = {isa = PBXBuildFile; fileRef = 15A79B91291EE0B200F0F08A /* ChartDataManager.swift */; };
		15A79B94291EE0FB00F0F08A /* PageData.swift in Sources */ = {isa = PBXBuildFile; fileRef = 15A79B93291EE0FB00F0F08A /* PageData.swift */; };
		15A79B97291EEF8100F0F08A /* MainScreenViewModel.swift in Sources */ = {isa = PBXBuildFile; fileRef = 15A79B96291EEF8100F0F08A /* MainScreenViewModel.swift */; };
		15A79B99291EF6CF00F0F08A /* ChartType.swift in Sources */ = {isa = PBXBuildFile; fileRef = 15A79B98291EF6CF00F0F08A /* ChartType.swift */; };
		15E269E428EA2E50007A0172 /* TargetifyApp.swift in Sources */ = {isa = PBXBuildFile; fileRef = 15E269E328EA2E50007A0172 /* TargetifyApp.swift */; };
		15E269E828EA2E52007A0172 /* Assets.xcassets in Resources */ = {isa = PBXBuildFile; fileRef = 15E269E728EA2E52007A0172 /* Assets.xcassets */; };
		15E269EC28EA2E52007A0172 /* Preview Assets.xcassets in Resources */ = {isa = PBXBuildFile; fileRef = 15E269EB28EA2E52007A0172 /* Preview Assets.xcassets */; };
		15E269F628EA2F0F007A0172 /* AuthScreen.swift in Sources */ = {isa = PBXBuildFile; fileRef = 15E269F528EA2F0F007A0172 /* AuthScreen.swift */; };
		15E269F828EA2F21007A0172 /* AuthViewModel.swift in Sources */ = {isa = PBXBuildFile; fileRef = 15E269F728EA2F21007A0172 /* AuthViewModel.swift */; };
		15E269FA28EA2F27007A0172 /* AuthModel.swift in Sources */ = {isa = PBXBuildFile; fileRef = 15E269F928EA2F27007A0172 /* AuthModel.swift */; };
		15E26A0028EA300B007A0172 /* PieChartView.swift in Sources */ = {isa = PBXBuildFile; fileRef = 15E269FF28EA300B007A0172 /* PieChartView.swift */; };
		15EF4876291ED3E900991965 /* AppDelegate.swift in Sources */ = {isa = PBXBuildFile; fileRef = 15EF4875291ED3E900991965 /* AppDelegate.swift */; };
/* End PBXBuildFile section */

/* Begin PBXFileReference section */
		150C4E7D291EB48300A797AE /* NewsService.swift */ = {isa = PBXFileReference; lastKnownFileType = sourcecode.swift; path = NewsService.swift; sourceTree = "<group>"; };
		150C4E7F291EB4EA00A797AE /* Info.plist */ = {isa = PBXFileReference; lastKnownFileType = text.plist; path = Info.plist; sourceTree = "<group>"; };
		150C4E80291EB51100A797AE /* InfoPlistWrapper.swift */ = {isa = PBXFileReference; lastKnownFileType = sourcecode.swift; path = InfoPlistWrapper.swift; sourceTree = "<group>"; };
		150C4E82291EB70A00A797AE /* GoogleService-Info.plist */ = {isa = PBXFileReference; fileEncoding = 4; lastKnownFileType = text.plist.xml; path = "GoogleService-Info.plist"; sourceTree = "<group>"; };
		150C4E84291EBA5E00A797AE /* NewsPiece.swift */ = {isa = PBXFileReference; lastKnownFileType = sourcecode.swift; path = NewsPiece.swift; sourceTree = "<group>"; };
		150C4E86291EBCAE00A797AE /* NetworkService.swift */ = {isa = PBXFileReference; lastKnownFileType = sourcecode.swift; path = NetworkService.swift; sourceTree = "<group>"; };
		150C4E88291EC59600A797AE /* FirebaseService.swift */ = {isa = PBXFileReference; lastKnownFileType = sourcecode.swift; path = FirebaseService.swift; sourceTree = "<group>"; };
		1553DC97291ED29600449E2B /* Main.swift */ = {isa = PBXFileReference; lastKnownFileType = sourcecode.swift; path = Main.swift; sourceTree = "<group>"; };
		15A79B8C291ED83D00F0F08A /* CSVDecoder.swift */ = {isa = PBXFileReference; lastKnownFileType = sourcecode.swift; path = CSVDecoder.swift; sourceTree = "<group>"; };
		15A79B91291EE0B200F0F08A /* ChartDataManager.swift */ = {isa = PBXFileReference; lastKnownFileType = sourcecode.swift; path = ChartDataManager.swift; sourceTree = "<group>"; };
		15A79B93291EE0FB00F0F08A /* PageData.swift */ = {isa = PBXFileReference; lastKnownFileType = sourcecode.swift; path = PageData.swift; sourceTree = "<group>"; };
		15A79B96291EEF8100F0F08A /* MainScreenViewModel.swift */ = {isa = PBXFileReference; lastKnownFileType = sourcecode.swift; path = MainScreenViewModel.swift; sourceTree = "<group>"; };
		15A79B98291EF6CF00F0F08A /* ChartType.swift */ = {isa = PBXFileReference; lastKnownFileType = sourcecode.swift; path = ChartType.swift; sourceTree = "<group>"; };
		15E269E028EA2E50007A0172 /* Targetify.app */ = {isa = PBXFileReference; explicitFileType = wrapper.application; includeInIndex = 0; path = Targetify.app; sourceTree = BUILT_PRODUCTS_DIR; };
		15E269E328EA2E50007A0172 /* TargetifyApp.swift */ = {isa = PBXFileReference; lastKnownFileType = sourcecode.swift; path = TargetifyApp.swift; sourceTree = "<group>"; };
		15E269E728EA2E52007A0172 /* Assets.xcassets */ = {isa = PBXFileReference; lastKnownFileType = folder.assetcatalog; path = Assets.xcassets; sourceTree = "<group>"; };
		15E269E928EA2E52007A0172 /* Targetify.entitlements */ = {isa = PBXFileReference; lastKnownFileType = text.plist.entitlements; path = Targetify.entitlements; sourceTree = "<group>"; };
		15E269EB28EA2E52007A0172 /* Preview Assets.xcassets */ = {isa = PBXFileReference; lastKnownFileType = folder.assetcatalog; path = "Preview Assets.xcassets"; sourceTree = "<group>"; };
		15E269F528EA2F0F007A0172 /* AuthScreen.swift */ = {isa = PBXFileReference; lastKnownFileType = sourcecode.swift; path = AuthScreen.swift; sourceTree = "<group>"; };
		15E269F728EA2F21007A0172 /* AuthViewModel.swift */ = {isa = PBXFileReference; lastKnownFileType = sourcecode.swift; path = AuthViewModel.swift; sourceTree = "<group>"; };
		15E269F928EA2F27007A0172 /* AuthModel.swift */ = {isa = PBXFileReference; lastKnownFileType = sourcecode.swift; path = AuthModel.swift; sourceTree = "<group>"; };
		15E269FF28EA300B007A0172 /* PieChartView.swift */ = {isa = PBXFileReference; lastKnownFileType = sourcecode.swift; path = PieChartView.swift; sourceTree = "<group>"; };
		15EF4875291ED3E900991965 /* AppDelegate.swift */ = {isa = PBXFileReference; lastKnownFileType = sourcecode.swift; path = AppDelegate.swift; sourceTree = "<group>"; };
/* End PBXFileReference section */

/* Begin PBXFrameworksBuildPhase section */
		15E269DD28EA2E50007A0172 /* Frameworks */ = {
			isa = PBXFrameworksBuildPhase;
			buildActionMask = 2147483647;
			files = (
				15A79B87291ED5DA00F0F08A /* FirebaseDatabaseSwift in Frameworks */,
				15A79B90291ED9A700F0F08A /* SwiftCSV in Frameworks */,
				15A79B81291ED5DA00F0F08A /* FirebaseAnalyticsSwift in Frameworks */,
				15A79B83291ED5DA00F0F08A /* FirebaseAuth in Frameworks */,
				15A79B85291ED5DA00F0F08A /* FirebaseDatabase in Frameworks */,
				15A79B8B291ED5DA00F0F08A /* FirebaseStorage in Frameworks */,
				15A79B7F291ED5DA00F0F08A /* FirebaseAnalytics in Frameworks */,
				15A79B89291ED5DA00F0F08A /* FirebaseFirestoreSwift in Frameworks */,
			);
			runOnlyForDeploymentPostprocessing = 0;
		};
/* End PBXFrameworksBuildPhase section */

/* Begin PBXGroup section */
		15A79B7D291ED5DA00F0F08A /* Frameworks */ = {
			isa = PBXGroup;
			children = (
			);
			name = Frameworks;
			sourceTree = "<group>";
		};
		15A79B95291EEF6800F0F08A /* Main */ = {
			isa = PBXGroup;
			children = (
				1553DC97291ED29600449E2B /* Main.swift */,
				15A79B96291EEF8100F0F08A /* MainScreenViewModel.swift */,
			);
			path = Main;
			sourceTree = "<group>";
		};
		15E269D728EA2E50007A0172 = {
			isa = PBXGroup;
			children = (
				15E269E228EA2E50007A0172 /* Targetify */,
				15E269E128EA2E50007A0172 /* Products */,
				15A79B7D291ED5DA00F0F08A /* Frameworks */,
			);
			sourceTree = "<group>";
		};
		15E269E128EA2E50007A0172 /* Products */ = {
			isa = PBXGroup;
			children = (
				15E269E028EA2E50007A0172 /* Targetify.app */,
			);
			name = Products;
			sourceTree = "<group>";
		};
		15E269E228EA2E50007A0172 /* Targetify */ = {
			isa = PBXGroup;
			children = (
				150C4E82291EB70A00A797AE /* GoogleService-Info.plist */,
				150C4E7F291EB4EA00A797AE /* Info.plist */,
				15E269E328EA2E50007A0172 /* TargetifyApp.swift */,
				150C4E80291EB51100A797AE /* InfoPlistWrapper.swift */,
				15EF4875291ED3E900991965 /* AppDelegate.swift */,
				15A79B98291EF6CF00F0F08A /* ChartType.swift */,
				15A79B95291EEF6800F0F08A /* Main */,
				15A79B8C291ED83D00F0F08A /* CSVDecoder.swift */,
				150C4E86291EBCAE00A797AE /* NetworkService.swift */,
				15A79B93291EE0FB00F0F08A /* PageData.swift */,
				15A79B91291EE0B200F0F08A /* ChartDataManager.swift */,
				150C4E88291EC59600A797AE /* FirebaseService.swift */,
				150C4E7D291EB48300A797AE /* NewsService.swift */,
				150C4E84291EBA5E00A797AE /* NewsPiece.swift */,
				15E269FB28EA2FCF007A0172 /* Visualizations */,
				15E269F228EA2EFE007A0172 /* AuthFlow */,
				15E269E728EA2E52007A0172 /* Assets.xcassets */,
				15E269E928EA2E52007A0172 /* Targetify.entitlements */,
				15E269EA28EA2E52007A0172 /* Preview Content */,
			);
			path = Targetify;
			sourceTree = "<group>";
		};
		15E269EA28EA2E52007A0172 /* Preview Content */ = {
			isa = PBXGroup;
			children = (
				15E269EB28EA2E52007A0172 /* Preview Assets.xcassets */,
			);
			path = "Preview Content";
			sourceTree = "<group>";
		};
		15E269F228EA2EFE007A0172 /* AuthFlow */ = {
			isa = PBXGroup;
			children = (
				15E269F528EA2F0F007A0172 /* AuthScreen.swift */,
				15E269F728EA2F21007A0172 /* AuthViewModel.swift */,
				15E269F928EA2F27007A0172 /* AuthModel.swift */,
			);
			path = AuthFlow;
			sourceTree = "<group>";
		};
		15E269FB28EA2FCF007A0172 /* Visualizations */ = {
			isa = PBXGroup;
			children = (
				15E269FC28EA2FDA007A0172 /* PieChart */,
			);
			path = Visualizations;
			sourceTree = "<group>";
		};
		15E269FC28EA2FDA007A0172 /* PieChart */ = {
			isa = PBXGroup;
			children = (
				15E269FF28EA300B007A0172 /* PieChartView.swift */,
			);
			path = PieChart;
			sourceTree = "<group>";
		};
/* End PBXGroup section */

/* Begin PBXNativeTarget section */
		15E269DF28EA2E50007A0172 /* Targetify */ = {
			isa = PBXNativeTarget;
			buildConfigurationList = 15E269EF28EA2E52007A0172 /* Build configuration list for PBXNativeTarget "Targetify" */;
			buildPhases = (
				15E269DC28EA2E50007A0172 /* Sources */,
				15E269DD28EA2E50007A0172 /* Frameworks */,
				15E269DE28EA2E50007A0172 /* Resources */,
			);
			buildRules = (
			);
			dependencies = (
			);
			name = Targetify;
			packageProductDependencies = (
				15A79B7E291ED5DA00F0F08A /* FirebaseAnalytics */,
				15A79B80291ED5DA00F0F08A /* FirebaseAnalyticsSwift */,
				15A79B82291ED5DA00F0F08A /* FirebaseAuth */,
				15A79B84291ED5DA00F0F08A /* FirebaseDatabase */,
				15A79B86291ED5DA00F0F08A /* FirebaseDatabaseSwift */,
				15A79B88291ED5DA00F0F08A /* FirebaseFirestoreSwift */,
				15A79B8A291ED5DA00F0F08A /* FirebaseStorage */,
				15A79B8F291ED9A700F0F08A /* SwiftCSV */,
			);
			productName = Targetify;
			productReference = 15E269E028EA2E50007A0172 /* Targetify.app */;
			productType = "com.apple.product-type.application";
		};
/* End PBXNativeTarget section */

/* Begin PBXProject section */
		15E269D828EA2E50007A0172 /* Project object */ = {
			isa = PBXProject;
			attributes = {
				BuildIndependentTargetsInParallel = 1;
				LastSwiftUpdateCheck = 1400;
				LastUpgradeCheck = 1400;
				TargetAttributes = {
					15E269DF28EA2E50007A0172 = {
						CreatedOnToolsVersion = 14.0;
					};
				};
			};
			buildConfigurationList = 15E269DB28EA2E50007A0172 /* Build configuration list for PBXProject "Targetify" */;
			compatibilityVersion = "Xcode 14.0";
			developmentRegion = en;
			hasScannedForEncodings = 0;
			knownRegions = (
				en,
				Base,
			);
			mainGroup = 15E269D728EA2E50007A0172;
			packageReferences = (
				150C4E8A291ECCBA00A797AE /* XCRemoteSwiftPackageReference "firebase-ios-sdk" */,
				15A79B8E291ED9A700F0F08A /* XCRemoteSwiftPackageReference "SwiftCSV" */,
			);
			productRefGroup = 15E269E128EA2E50007A0172 /* Products */;
			projectDirPath = "";
			projectRoot = "";
			targets = (
				15E269DF28EA2E50007A0172 /* Targetify */,
			);
		};
/* End PBXProject section */

/* Begin PBXResourcesBuildPhase section */
		15E269DE28EA2E50007A0172 /* Resources */ = {
			isa = PBXResourcesBuildPhase;
			buildActionMask = 2147483647;
			files = (
				15E269EC28EA2E52007A0172 /* Preview Assets.xcassets in Resources */,
				15E269E828EA2E52007A0172 /* Assets.xcassets in Resources */,
				150C4E83291EB70A00A797AE /* GoogleService-Info.plist in Resources */,
			);
			runOnlyForDeploymentPostprocessing = 0;
		};
/* End PBXResourcesBuildPhase section */

/* Begin PBXSourcesBuildPhase section */
		15E269DC28EA2E50007A0172 /* Sources */ = {
			isa = PBXSourcesBuildPhase;
			buildActionMask = 2147483647;
			files = (
				15EF4876291ED3E900991965 /* AppDelegate.swift in Sources */,
				15A79B99291EF6CF00F0F08A /* ChartType.swift in Sources */,
				150C4E7E291EB48300A797AE /* NewsService.swift in Sources */,
				150C4E81291EB51100A797AE /* InfoPlistWrapper.swift in Sources */,
				1553DC98291ED29600449E2B /* Main.swift in Sources */,
				15E269E428EA2E50007A0172 /* TargetifyApp.swift in Sources */,
				15A79B97291EEF8100F0F08A /* MainScreenViewModel.swift in Sources */,
				15E26A0028EA300B007A0172 /* PieChartView.swift in Sources */,
				15A79B8D291ED83D00F0F08A /* CSVDecoder.swift in Sources */,
				15A79B94291EE0FB00F0F08A /* PageData.swift in Sources */,
				150C4E87291EBCAE00A797AE /* NetworkService.swift in Sources */,
				15E269FA28EA2F27007A0172 /* AuthModel.swift in Sources */,
				150C4E89291EC59600A797AE /* FirebaseService.swift in Sources */,
				150C4E85291EBA5E00A797AE /* NewsPiece.swift in Sources */,
				15E269F628EA2F0F007A0172 /* AuthScreen.swift in Sources */,
				15A79B92291EE0B200F0F08A /* ChartDataManager.swift in Sources */,
				15E269F828EA2F21007A0172 /* AuthViewModel.swift in Sources */,
			);
			runOnlyForDeploymentPostprocessing = 0;
		};
/* End PBXSourcesBuildPhase section */

/* Begin XCBuildConfiguration section */
		15E269ED28EA2E52007A0172 /* Debug */ = {
			isa = XCBuildConfiguration;
			buildSettings = {
				ALWAYS_SEARCH_USER_PATHS = NO;
				CLANG_ANALYZER_NONNULL = YES;
				CLANG_ANALYZER_NUMBER_OBJECT_CONVERSION = YES_AGGRESSIVE;
				CLANG_CXX_LANGUAGE_STANDARD = "gnu++20";
				CLANG_ENABLE_MODULES = YES;
				CLANG_ENABLE_OBJC_ARC = YES;
				CLANG_ENABLE_OBJC_WEAK = YES;
				CLANG_WARN_BLOCK_CAPTURE_AUTORELEASING = YES;
				CLANG_WARN_BOOL_CONVERSION = YES;
				CLANG_WARN_COMMA = YES;
				CLANG_WARN_CONSTANT_CONVERSION = YES;
				CLANG_WARN_DEPRECATED_OBJC_IMPLEMENTATIONS = YES;
				CLANG_WARN_DIRECT_OBJC_ISA_USAGE = YES_ERROR;
				CLANG_WARN_DOCUMENTATION_COMMENTS = YES;
				CLANG_WARN_EMPTY_BODY = YES;
				CLANG_WARN_ENUM_CONVERSION = YES;
				CLANG_WARN_INFINITE_RECURSION = YES;
				CLANG_WARN_INT_CONVERSION = YES;
				CLANG_WARN_NON_LITERAL_NULL_CONVERSION = YES;
				CLANG_WARN_OBJC_IMPLICIT_RETAIN_SELF = YES;
				CLANG_WARN_OBJC_LITERAL_CONVERSION = YES;
				CLANG_WARN_OBJC_ROOT_CLASS = YES_ERROR;
				CLANG_WARN_QUOTED_INCLUDE_IN_FRAMEWORK_HEADER = YES;
				CLANG_WARN_RANGE_LOOP_ANALYSIS = YES;
				CLANG_WARN_STRICT_PROTOTYPES = YES;
				CLANG_WARN_SUSPICIOUS_MOVE = YES;
				CLANG_WARN_UNGUARDED_AVAILABILITY = YES_AGGRESSIVE;
				CLANG_WARN_UNREACHABLE_CODE = YES;
				CLANG_WARN__DUPLICATE_METHOD_MATCH = YES;
				COPY_PHASE_STRIP = NO;
				DEBUG_INFORMATION_FORMAT = dwarf;
				ENABLE_STRICT_OBJC_MSGSEND = YES;
				ENABLE_TESTABILITY = YES;
				GCC_C_LANGUAGE_STANDARD = gnu11;
				GCC_DYNAMIC_NO_PIC = NO;
				GCC_NO_COMMON_BLOCKS = YES;
				GCC_OPTIMIZATION_LEVEL = 0;
				GCC_PREPROCESSOR_DEFINITIONS = (
					"DEBUG=1",
					"$(inherited)",
				);
				GCC_WARN_64_TO_32_BIT_CONVERSION = YES;
				GCC_WARN_ABOUT_RETURN_TYPE = YES_ERROR;
				GCC_WARN_UNDECLARED_SELECTOR = YES;
				GCC_WARN_UNINITIALIZED_AUTOS = YES_AGGRESSIVE;
				GCC_WARN_UNUSED_FUNCTION = YES;
				GCC_WARN_UNUSED_VARIABLE = YES;
				MTL_ENABLE_DEBUG_INFO = INCLUDE_SOURCE;
				MTL_FAST_MATH = YES;
				ONLY_ACTIVE_ARCH = YES;
				SWIFT_ACTIVE_COMPILATION_CONDITIONS = DEBUG;
				SWIFT_OPTIMIZATION_LEVEL = "-Onone";
			};
			name = Debug;
		};
		15E269EE28EA2E52007A0172 /* Release */ = {
			isa = XCBuildConfiguration;
			buildSettings = {
				ALWAYS_SEARCH_USER_PATHS = NO;
				CLANG_ANALYZER_NONNULL = YES;
				CLANG_ANALYZER_NUMBER_OBJECT_CONVERSION = YES_AGGRESSIVE;
				CLANG_CXX_LANGUAGE_STANDARD = "gnu++20";
				CLANG_ENABLE_MODULES = YES;
				CLANG_ENABLE_OBJC_ARC = YES;
				CLANG_ENABLE_OBJC_WEAK = YES;
				CLANG_WARN_BLOCK_CAPTURE_AUTORELEASING = YES;
				CLANG_WARN_BOOL_CONVERSION = YES;
				CLANG_WARN_COMMA = YES;
				CLANG_WARN_CONSTANT_CONVERSION = YES;
				CLANG_WARN_DEPRECATED_OBJC_IMPLEMENTATIONS = YES;
				CLANG_WARN_DIRECT_OBJC_ISA_USAGE = YES_ERROR;
				CLANG_WARN_DOCUMENTATION_COMMENTS = YES;
				CLANG_WARN_EMPTY_BODY = YES;
				CLANG_WARN_ENUM_CONVERSION = YES;
				CLANG_WARN_INFINITE_RECURSION = YES;
				CLANG_WARN_INT_CONVERSION = YES;
				CLANG_WARN_NON_LITERAL_NULL_CONVERSION = YES;
				CLANG_WARN_OBJC_IMPLICIT_RETAIN_SELF = YES;
				CLANG_WARN_OBJC_LITERAL_CONVERSION = YES;
				CLANG_WARN_OBJC_ROOT_CLASS = YES_ERROR;
				CLANG_WARN_QUOTED_INCLUDE_IN_FRAMEWORK_HEADER = YES;
				CLANG_WARN_RANGE_LOOP_ANALYSIS = YES;
				CLANG_WARN_STRICT_PROTOTYPES = YES;
				CLANG_WARN_SUSPICIOUS_MOVE = YES;
				CLANG_WARN_UNGUARDED_AVAILABILITY = YES_AGGRESSIVE;
				CLANG_WARN_UNREACHABLE_CODE = YES;
				CLANG_WARN__DUPLICATE_METHOD_MATCH = YES;
				COPY_PHASE_STRIP = NO;
				DEBUG_INFORMATION_FORMAT = "dwarf-with-dsym";
				ENABLE_NS_ASSERTIONS = NO;
				ENABLE_STRICT_OBJC_MSGSEND = YES;
				GCC_C_LANGUAGE_STANDARD = gnu11;
				GCC_NO_COMMON_BLOCKS = YES;
				GCC_WARN_64_TO_32_BIT_CONVERSION = YES;
				GCC_WARN_ABOUT_RETURN_TYPE = YES_ERROR;
				GCC_WARN_UNDECLARED_SELECTOR = YES;
				GCC_WARN_UNINITIALIZED_AUTOS = YES_AGGRESSIVE;
				GCC_WARN_UNUSED_FUNCTION = YES;
				GCC_WARN_UNUSED_VARIABLE = YES;
				MTL_ENABLE_DEBUG_INFO = NO;
				MTL_FAST_MATH = YES;
				SWIFT_COMPILATION_MODE = wholemodule;
				SWIFT_OPTIMIZATION_LEVEL = "-O";
			};
			name = Release;
		};
		15E269F028EA2E52007A0172 /* Debug */ = {
			isa = XCBuildConfiguration;
			buildSettings = {
				ASSETCATALOG_COMPILER_APPICON_NAME = AppIcon;
				ASSETCATALOG_COMPILER_GLOBAL_ACCENT_COLOR_NAME = AccentColor;
				CODE_SIGN_ENTITLEMENTS = Targetify/Targetify.entitlements;
				CODE_SIGN_STYLE = Automatic;
				CURRENT_PROJECT_VERSION = 1;
				DEVELOPMENT_ASSET_PATHS = "\"Targetify/Preview Content\"";
				DEVELOPMENT_TEAM = ST2UTHBX5Z;
				ENABLE_HARDENED_RUNTIME = YES;
				ENABLE_PREVIEWS = YES;
				GENERATE_INFOPLIST_FILE = YES;
				INFOPLIST_FILE = Targetify/Info.plist;
				"INFOPLIST_KEY_UIApplicationSceneManifest_Generation[sdk=iphoneos*]" = YES;
				"INFOPLIST_KEY_UIApplicationSceneManifest_Generation[sdk=iphonesimulator*]" = YES;
				"INFOPLIST_KEY_UIApplicationSupportsIndirectInputEvents[sdk=iphoneos*]" = YES;
				"INFOPLIST_KEY_UIApplicationSupportsIndirectInputEvents[sdk=iphonesimulator*]" = YES;
				"INFOPLIST_KEY_UILaunchScreen_Generation[sdk=iphoneos*]" = YES;
				"INFOPLIST_KEY_UILaunchScreen_Generation[sdk=iphonesimulator*]" = YES;
				"INFOPLIST_KEY_UIStatusBarStyle[sdk=iphoneos*]" = UIStatusBarStyleDefault;
				"INFOPLIST_KEY_UIStatusBarStyle[sdk=iphonesimulator*]" = UIStatusBarStyleDefault;
				INFOPLIST_KEY_UISupportedInterfaceOrientations_iPad = "UIInterfaceOrientationPortrait UIInterfaceOrientationPortraitUpsideDown UIInterfaceOrientationLandscapeLeft UIInterfaceOrientationLandscapeRight";
				INFOPLIST_KEY_UISupportedInterfaceOrientations_iPhone = "UIInterfaceOrientationPortrait UIInterfaceOrientationLandscapeLeft UIInterfaceOrientationLandscapeRight";
				IPHONEOS_DEPLOYMENT_TARGET = 16.0;
				LD_RUNPATH_SEARCH_PATHS = "@executable_path/Frameworks";
				"LD_RUNPATH_SEARCH_PATHS[sdk=macosx*]" = "@executable_path/../Frameworks";
				MACOSX_DEPLOYMENT_TARGET = 12.3;
				MARKETING_VERSION = 1.0;
				PRODUCT_BUNDLE_IDENTIFIER = com.tepoyan.Targetify;
				PRODUCT_NAME = "$(TARGET_NAME)";
				SDKROOT = auto;
				SUPPORTED_PLATFORMS = "iphoneos iphonesimulator macosx";
				SWIFT_EMIT_LOC_STRINGS = YES;
				SWIFT_VERSION = 5.0;
				TARGETED_DEVICE_FAMILY = "1,2";
			};
			name = Debug;
		};
		15E269F128EA2E52007A0172 /* Release */ = {
			isa = XCBuildConfiguration;
			buildSettings = {
				ASSETCATALOG_COMPILER_APPICON_NAME = AppIcon;
				ASSETCATALOG_COMPILER_GLOBAL_ACCENT_COLOR_NAME = AccentColor;
				CODE_SIGN_ENTITLEMENTS = Targetify/Targetify.entitlements;
				CODE_SIGN_STYLE = Automatic;
				CURRENT_PROJECT_VERSION = 1;
				DEVELOPMENT_ASSET_PATHS = "\"Targetify/Preview Content\"";
				DEVELOPMENT_TEAM = ST2UTHBX5Z;
				ENABLE_HARDENED_RUNTIME = YES;
				ENABLE_PREVIEWS = YES;
				GENERATE_INFOPLIST_FILE = YES;
				INFOPLIST_FILE = Targetify/Info.plist;
				"INFOPLIST_KEY_UIApplicationSceneManifest_Generation[sdk=iphoneos*]" = YES;
				"INFOPLIST_KEY_UIApplicationSceneManifest_Generation[sdk=iphonesimulator*]" = YES;
				"INFOPLIST_KEY_UIApplicationSupportsIndirectInputEvents[sdk=iphoneos*]" = YES;
				"INFOPLIST_KEY_UIApplicationSupportsIndirectInputEvents[sdk=iphonesimulator*]" = YES;
				"INFOPLIST_KEY_UILaunchScreen_Generation[sdk=iphoneos*]" = YES;
				"INFOPLIST_KEY_UILaunchScreen_Generation[sdk=iphonesimulator*]" = YES;
				"INFOPLIST_KEY_UIStatusBarStyle[sdk=iphoneos*]" = UIStatusBarStyleDefault;
				"INFOPLIST_KEY_UIStatusBarStyle[sdk=iphonesimulator*]" = UIStatusBarStyleDefault;
				INFOPLIST_KEY_UISupportedInterfaceOrientations_iPad = "UIInterfaceOrientationPortrait UIInterfaceOrientationPortraitUpsideDown UIInterfaceOrientationLandscapeLeft UIInterfaceOrientationLandscapeRight";
				INFOPLIST_KEY_UISupportedInterfaceOrientations_iPhone = "UIInterfaceOrientationPortrait UIInterfaceOrientationLandscapeLeft UIInterfaceOrientationLandscapeRight";
				IPHONEOS_DEPLOYMENT_TARGET = 16.0;
				LD_RUNPATH_SEARCH_PATHS = "@executable_path/Frameworks";
				"LD_RUNPATH_SEARCH_PATHS[sdk=macosx*]" = "@executable_path/../Frameworks";
				MACOSX_DEPLOYMENT_TARGET = 12.3;
				MARKETING_VERSION = 1.0;
				PRODUCT_BUNDLE_IDENTIFIER = com.tepoyan.Targetify;
				PRODUCT_NAME = "$(TARGET_NAME)";
				SDKROOT = auto;
				SUPPORTED_PLATFORMS = "iphoneos iphonesimulator macosx";
				SWIFT_EMIT_LOC_STRINGS = YES;
				SWIFT_VERSION = 5.0;
				TARGETED_DEVICE_FAMILY = "1,2";
			};
			name = Release;
		};
/* End XCBuildConfiguration section */

/* Begin XCConfigurationList section */
		15E269DB28EA2E50007A0172 /* Build configuration list for PBXProject "Targetify" */ = {
			isa = XCConfigurationList;
			buildConfigurations = (
				15E269ED28EA2E52007A0172 /* Debug */,
				15E269EE28EA2E52007A0172 /* Release */,
			);
			defaultConfigurationIsVisible = 0;
			defaultConfigurationName = Release;
		};
		15E269EF28EA2E52007A0172 /* Build configuration list for PBXNativeTarget "Targetify" */ = {
			isa = XCConfigurationList;
			buildConfigurations = (
				15E269F028EA2E52007A0172 /* Debug */,
				15E269F128EA2E52007A0172 /* Release */,
			);
			defaultConfigurationIsVisible = 0;
			defaultConfigurationName = Release;
		};
/* End XCConfigurationList section */

/* Begin XCRemoteSwiftPackageReference section */
		150C4E8A291ECCBA00A797AE /* XCRemoteSwiftPackageReference "firebase-ios-sdk" */ = {
			isa = XCRemoteSwiftPackageReference;
			repositoryURL = "https://github.com/firebase/firebase-ios-sdk";
			requirement = {
				kind = upToNextMajorVersion;
				minimumVersion = 9.0.0;
			};
		};
		15A79B8E291ED9A700F0F08A /* XCRemoteSwiftPackageReference "SwiftCSV" */ = {
			isa = XCRemoteSwiftPackageReference;
			repositoryURL = "https://github.com/swiftcsv/SwiftCSV";
			requirement = {
				kind = upToNextMajorVersion;
				minimumVersion = 0.8.1;
			};
		};
/* End XCRemoteSwiftPackageReference section */

/* Begin XCSwiftPackageProductDependency section */
		15A79B7E291ED5DA00F0F08A /* FirebaseAnalytics */ = {
			isa = XCSwiftPackageProductDependency;
			package = 150C4E8A291ECCBA00A797AE /* XCRemoteSwiftPackageReference "firebase-ios-sdk" */;
			productName = FirebaseAnalytics;
		};
		15A79B80291ED5DA00F0F08A /* FirebaseAnalyticsSwift */ = {
			isa = XCSwiftPackageProductDependency;
			package = 150C4E8A291ECCBA00A797AE /* XCRemoteSwiftPackageReference "firebase-ios-sdk" */;
			productName = FirebaseAnalyticsSwift;
		};
		15A79B82291ED5DA00F0F08A /* FirebaseAuth */ = {
			isa = XCSwiftPackageProductDependency;
			package = 150C4E8A291ECCBA00A797AE /* XCRemoteSwiftPackageReference "firebase-ios-sdk" */;
			productName = FirebaseAuth;
		};
		15A79B84291ED5DA00F0F08A /* FirebaseDatabase */ = {
			isa = XCSwiftPackageProductDependency;
			package = 150C4E8A291ECCBA00A797AE /* XCRemoteSwiftPackageReference "firebase-ios-sdk" */;
			productName = FirebaseDatabase;
		};
		15A79B86291ED5DA00F0F08A /* FirebaseDatabaseSwift */ = {
			isa = XCSwiftPackageProductDependency;
			package = 150C4E8A291ECCBA00A797AE /* XCRemoteSwiftPackageReference "firebase-ios-sdk" */;
			productName = FirebaseDatabaseSwift;
		};
		15A79B88291ED5DA00F0F08A /* FirebaseFirestoreSwift */ = {
			isa = XCSwiftPackageProductDependency;
			package = 150C4E8A291ECCBA00A797AE /* XCRemoteSwiftPackageReference "firebase-ios-sdk" */;
			productName = FirebaseFirestoreSwift;
		};
		15A79B8A291ED5DA00F0F08A /* FirebaseStorage */ = {
			isa = XCSwiftPackageProductDependency;
			package = 150C4E8A291ECCBA00A797AE /* XCRemoteSwiftPackageReference "firebase-ios-sdk" */;
			productName = FirebaseStorage;
		};
		15A79B8F291ED9A700F0F08A /* SwiftCSV */ = {
			isa = XCSwiftPackageProductDependency;
			package = 15A79B8E291ED9A700F0F08A /* XCRemoteSwiftPackageReference "SwiftCSV" */;
			productName = SwiftCSV;
		};
/* End XCSwiftPackageProductDependency section */
	};
	rootObject = 15E269D828EA2E50007A0172 /* Project object */;
}
